
Microsoft Visual Studio Solution File, Format Version 12.00
# Visual Studio Version 17
VisualStudioVersion = 17.3.32929.385
MinimumVisualStudioVersion = 10.0.40219.1
Project("{FAE04EC0-301F-11D3-BF4B-00C04F79EFBC}") = "CharacterOccurrence", "CharacterOccurrence\CharacterOccurrence.csproj", "{44530AD9-BBF1-42E1-A50F-A835F1F57984}"
EndProject
Global
	GlobalSection(SolutionConfigurationPlatforms) = preSolution
		Debug|Any CPU = Debug|Any CPU
		Release|Any CPU = Release|Any CPU
	EndGlobalSection
	GlobalSection(ProjectConfigurationPlatforms) = postSolution
		{44530AD9-BBF1-42E1-A50F-A835F1F57984}.Debug|Any CPU.ActiveCfg = Debug|Any CPU
		{44530AD9-BBF1-42E1-A50F-A835F1F57984}.Debug|Any CPU.Build.0 = Debug|Any CPU
		{44530AD9-BBF1-42E1-A50F-A835F1F57984}.Release|Any CPU.ActiveCfg = Release|Any CPU
		{44530AD9-BBF1-42E1-A50F-A835F1F57984}.Release|Any CPU.Build.0 = Release|Any CPU
	EndGlobalSection
	GlobalSection(SolutionProperties) = preSolution
		HideSolutionNode = FALSE
	EndGlobalSection
	GlobalSection(ExtensibilityGlobals) = postSolution
		SolutionGuid = {207E3AC8-DD71-48DC-B0C2-68C4403E5492}
	EndGlobalSection
EndGlobal
